// !$*UTF8*$!
{
	archiveVersion = 1;
	classes = {
	};
	objectVersion = 51;
	objects = {

/* Begin PBXBuildFile section */
		6A1F9BFD26A22F1F00BB3ADA /* ListViewModel.swift in Sources */ = {isa = PBXBuildFile; fileRef = 6A1F9BFC26A22F1F00BB3ADA /* ListViewModel.swift */; };
		6A1F9C0126A22F3B00BB3ADA /* ViewModelManipulator.swift in Sources */ = {isa = PBXBuildFile; fileRef = 6A1F9C0026A22F3B00BB3ADA /* ViewModelManipulator.swift */; };
		6A1F9C2F26A2D8DC00BB3ADA /* ScreenAssembly.swift in Sources */ = {isa = PBXBuildFile; fileRef = 6A1F9C2E26A2D8DC00BB3ADA /* ScreenAssembly.swift */; };
		6A1F9C3626A2DCB800BB3ADA /* NewsCell.swift in Sources */ = {isa = PBXBuildFile; fileRef = 6A1F9C3426A2DCB800BB3ADA /* NewsCell.swift */; };
		6A1F9C3726A2DCB800BB3ADA /* NewsCell.xib in Resources */ = {isa = PBXBuildFile; fileRef = 6A1F9C3526A2DCB800BB3ADA /* NewsCell.xib */; };
		6A1F9C4026A2DF2500BB3ADA /* UITableView+Extensions.swift in Sources */ = {isa = PBXBuildFile; fileRef = 6A1F9C3F26A2DF2500BB3ADA /* UITableView+Extensions.swift */; };
		6A1F9C4626A2DF5500BB3ADA /* UITableViewCell+Extensions.swift in Sources */ = {isa = PBXBuildFile; fileRef = 6A1F9C4526A2DF5500BB3ADA /* UITableViewCell+Extensions.swift */; };
		6A1F9C4A26A2DFC100BB3ADA /* ViewError.swift in Sources */ = {isa = PBXBuildFile; fileRef = 6A1F9C4926A2DFC100BB3ADA /* ViewError.swift */; };
		6A1F9C4E26A2E33C00BB3ADA /* ListViewMapper.swift in Sources */ = {isa = PBXBuildFile; fileRef = 6A1F9C4D26A2E33C00BB3ADA /* ListViewMapper.swift */; };
		6A2B865C26CEA39A00310374 /* AppDelegate+Injection.swift in Sources */ = {isa = PBXBuildFile; fileRef = 6A2B865B26CEA39A00310374 /* AppDelegate+Injection.swift */; };
		6A2FABCD26A1C5B6009BA29C /* AppDelegate.swift in Sources */ = {isa = PBXBuildFile; fileRef = 6A2FABCC26A1C5B6009BA29C /* AppDelegate.swift */; };
		6A2FABD126A1C5B6009BA29C /* ListViewController.swift in Sources */ = {isa = PBXBuildFile; fileRef = 6A2FABD026A1C5B6009BA29C /* ListViewController.swift */; };
		6A2FABD426A1C5B6009BA29C /* Main.storyboard in Resources */ = {isa = PBXBuildFile; fileRef = 6A2FABD226A1C5B6009BA29C /* Main.storyboard */; };
		6A2FABD626A1C5B6009BA29C /* Assets.xcassets in Resources */ = {isa = PBXBuildFile; fileRef = 6A2FABD526A1C5B6009BA29C /* Assets.xcassets */; };
		6A2FABD926A1C5B6009BA29C /* LaunchScreen.storyboard in Resources */ = {isa = PBXBuildFile; fileRef = 6A2FABD726A1C5B6009BA29C /* LaunchScreen.storyboard */; };
		6A3F7F4E26A47CA500E1FC7C /* ListViewModelTests.swift in Sources */ = {isa = PBXBuildFile; fileRef = 6A3F7F4D26A47CA500E1FC7C /* ListViewModelTests.swift */; };
		6A3F7F5626A47D2900E1FC7C /* Mock.generated.swift in Sources */ = {isa = PBXBuildFile; fileRef = 6A3F7F5526A47D2900E1FC7C /* Mock.generated.swift */; };
		6A3F7F5E26A4813300E1FC7C /* DetailsViewModelTests.swift in Sources */ = {isa = PBXBuildFile; fileRef = 6A3F7F5D26A4813300E1FC7C /* DetailsViewModelTests.swift */; };
		6A5D927926A4214F006E010C /* UIConstants.swift in Sources */ = {isa = PBXBuildFile; fileRef = 6A5D927826A4214F006E010C /* UIConstants.swift */; };
		6A5D927D26A421AE006E010C /* Navigator.swift in Sources */ = {isa = PBXBuildFile; fileRef = 6A5D927C26A421AE006E010C /* Navigator.swift */; };
		6A72EC8926A1F30C00CFAE64 /* ViewDataBinder.swift in Sources */ = {isa = PBXBuildFile; fileRef = 6A72EC8826A1F30C00CFAE64 /* ViewDataBinder.swift */; };
		6A72EC9326A1F38300CFAE64 /* ViewEventListener.swift in Sources */ = {isa = PBXBuildFile; fileRef = 6A72EC9226A1F38300CFAE64 /* ViewEventListener.swift */; };
		6AC2A2EF26A214EE002D1A53 /* Domain.framework in Frameworks */ = {isa = PBXBuildFile; fileRef = 6AC2A2EE26A214EE002D1A53 /* Domain.framework */; settings = {ATTRIBUTES = (Required, ); }; };
		6AC979F726A2180600490AF9 /* Core.framework in Frameworks */ = {isa = PBXBuildFile; fileRef = 6AC979F626A2180600490AF9 /* Core.framework */; settings = {ATTRIBUTES = (Required, ); }; };
		6AFDF9BB26A36D7F002D167E /* Localizable.strings in Resources */ = {isa = PBXBuildFile; fileRef = 6AFDF9BD26A36D7F002D167E /* Localizable.strings */; };
		6AFDF9CC26A36E9F002D167E /* Merriweather-Bold.ttf in Resources */ = {isa = PBXBuildFile; fileRef = 6AFDF9C426A36E9F002D167E /* Merriweather-Bold.ttf */; };
		6AFDF9CD26A36E9F002D167E /* Merriweather-Black.ttf in Resources */ = {isa = PBXBuildFile; fileRef = 6AFDF9C526A36E9F002D167E /* Merriweather-Black.ttf */; };
		6AFDF9CE26A36E9F002D167E /* Merriweather-BlackItalic.ttf in Resources */ = {isa = PBXBuildFile; fileRef = 6AFDF9C626A36E9F002D167E /* Merriweather-BlackItalic.ttf */; };
		6AFDF9CF26A36E9F002D167E /* Merriweather-LightItalic.ttf in Resources */ = {isa = PBXBuildFile; fileRef = 6AFDF9C726A36E9F002D167E /* Merriweather-LightItalic.ttf */; };
		6AFDF9D026A36E9F002D167E /* Merriweather-BoldItalic.ttf in Resources */ = {isa = PBXBuildFile; fileRef = 6AFDF9C826A36E9F002D167E /* Merriweather-BoldItalic.ttf */; };
		6AFDF9D126A36E9F002D167E /* Merriweather-Italic.ttf in Resources */ = {isa = PBXBuildFile; fileRef = 6AFDF9C926A36E9F002D167E /* Merriweather-Italic.ttf */; };
		6AFDF9D226A36E9F002D167E /* Merriweather-Regular.ttf in Resources */ = {isa = PBXBuildFile; fileRef = 6AFDF9CA26A36E9F002D167E /* Merriweather-Regular.ttf */; };
		6AFDF9D326A36E9F002D167E /* Merriweather-Light.ttf in Resources */ = {isa = PBXBuildFile; fileRef = 6AFDF9CB26A36E9F002D167E /* Merriweather-Light.ttf */; };
		6AFDF9E826A36EBE002D167E /* LibreFranklin-ThinItalic.ttf in Resources */ = {isa = PBXBuildFile; fileRef = 6AFDF9D626A36EBC002D167E /* LibreFranklin-ThinItalic.ttf */; };
		6AFDF9E926A36EBF002D167E /* LibreFranklin-LightItalic.ttf in Resources */ = {isa = PBXBuildFile; fileRef = 6AFDF9D726A36EBC002D167E /* LibreFranklin-LightItalic.ttf */; };
		6AFDF9EA26A36EBF002D167E /* LibreFranklin-Light.ttf in Resources */ = {isa = PBXBuildFile; fileRef = 6AFDF9D826A36EBC002D167E /* LibreFranklin-Light.ttf */; };
		6AFDF9EB26A36EBF002D167E /* LibreFranklin-Italic.ttf in Resources */ = {isa = PBXBuildFile; fileRef = 6AFDF9D926A36EBC002D167E /* LibreFranklin-Italic.ttf */; };
		6AFDF9EC26A36EBF002D167E /* LibreFranklin-BoldItalic.ttf in Resources */ = {isa = PBXBuildFile; fileRef = 6AFDF9DA26A36EBC002D167E /* LibreFranklin-BoldItalic.ttf */; };
		6AFDF9ED26A36EBF002D167E /* LibreFranklin-ExtraLightItalic.ttf in Resources */ = {isa = PBXBuildFile; fileRef = 6AFDF9DB26A36EBD002D167E /* LibreFranklin-ExtraLightItalic.ttf */; };
		6AFDF9EE26A36EBF002D167E /* LibreFranklin-ExtraBold.ttf in Resources */ = {isa = PBXBuildFile; fileRef = 6AFDF9DC26A36EBD002D167E /* LibreFranklin-ExtraBold.ttf */; };
		6AFDF9EF26A36EBF002D167E /* LibreFranklin-Bold.ttf in Resources */ = {isa = PBXBuildFile; fileRef = 6AFDF9DD26A36EBD002D167E /* LibreFranklin-Bold.ttf */; };
		6AFDF9F026A36EBF002D167E /* LibreFranklin-SemiBoldItalic.ttf in Resources */ = {isa = PBXBuildFile; fileRef = 6AFDF9DE26A36EBD002D167E /* LibreFranklin-SemiBoldItalic.ttf */; };
		6AFDF9F126A36EBF002D167E /* LibreFranklin-ExtraBoldItalic.ttf in Resources */ = {isa = PBXBuildFile; fileRef = 6AFDF9DF26A36EBD002D167E /* LibreFranklin-ExtraBoldItalic.ttf */; };
		6AFDF9F226A36EBF002D167E /* LibreFranklin-SemiBold.ttf in Resources */ = {isa = PBXBuildFile; fileRef = 6AFDF9E026A36EBD002D167E /* LibreFranklin-SemiBold.ttf */; };
		6AFDF9F326A36EBF002D167E /* LibreFranklin-Black.ttf in Resources */ = {isa = PBXBuildFile; fileRef = 6AFDF9E126A36EBD002D167E /* LibreFranklin-Black.ttf */; };
		6AFDF9F426A36EBF002D167E /* LibreFranklin-BlackItalic.ttf in Resources */ = {isa = PBXBuildFile; fileRef = 6AFDF9E226A36EBE002D167E /* LibreFranklin-BlackItalic.ttf */; };
		6AFDF9F526A36EBF002D167E /* LibreFranklin-ExtraLight.ttf in Resources */ = {isa = PBXBuildFile; fileRef = 6AFDF9E326A36EBE002D167E /* LibreFranklin-ExtraLight.ttf */; };
		6AFDF9F626A36EBF002D167E /* LibreFranklin-Regular.ttf in Resources */ = {isa = PBXBuildFile; fileRef = 6AFDF9E426A36EBE002D167E /* LibreFranklin-Regular.ttf */; };
		6AFDF9F726A36EBF002D167E /* LibreFranklin-Medium.ttf in Resources */ = {isa = PBXBuildFile; fileRef = 6AFDF9E526A36EBE002D167E /* LibreFranklin-Medium.ttf */; };
		6AFDF9F826A36EBF002D167E /* LibreFranklin-Thin.ttf in Resources */ = {isa = PBXBuildFile; fileRef = 6AFDF9E626A36EBE002D167E /* LibreFranklin-Thin.ttf */; };
		6AFDF9F926A36EBF002D167E /* LibreFranklin-MediumItalic.ttf in Resources */ = {isa = PBXBuildFile; fileRef = 6AFDF9E726A36EBE002D167E /* LibreFranklin-MediumItalic.ttf */; };
		6AFDFA4C26A3715D002D167E /* Fonts.swift in Sources */ = {isa = PBXBuildFile; fileRef = 6AFDFA4926A3715D002D167E /* Fonts.swift */; };
		6AFDFA4D26A3715D002D167E /* Localization.swift in Sources */ = {isa = PBXBuildFile; fileRef = 6AFDFA4A26A3715D002D167E /* Localization.swift */; };
		6AFDFA4E26A3715D002D167E /* XCAssets+Generated.swift in Sources */ = {isa = PBXBuildFile; fileRef = 6AFDFA4B26A3715D002D167E /* XCAssets+Generated.swift */; };
		6AFDFA5226A37305002D167E /* UIColor+Extensions.swift in Sources */ = {isa = PBXBuildFile; fileRef = 6AFDFA5126A37305002D167E /* UIColor+Extensions.swift */; };
		6AFDFA5626A37610002D167E /* Date+Extensions.swift in Sources */ = {isa = PBXBuildFile; fileRef = 6AFDFA5526A37610002D167E /* Date+Extensions.swift */; };
		6AFDFA5C26A38949002D167E /* DetailsViewController.swift in Sources */ = {isa = PBXBuildFile; fileRef = 6AFDFA5B26A38949002D167E /* DetailsViewController.swift */; };
		6AFDFA6026A389F1002D167E /* DetailsViewModel.swift in Sources */ = {isa = PBXBuildFile; fileRef = 6AFDFA5F26A389F1002D167E /* DetailsViewModel.swift */; };
		D2CE12FD4B4E3260AC803A04 /* Pods_Placeboop_PlaceboopTests.framework in Frameworks */ = {isa = PBXBuildFile; fileRef = 4D3DA5A628D09CF9FB4EF7D3 /* Pods_Placeboop_PlaceboopTests.framework */; };
		D827E793A8AD36A056BCF84E /* Pods_Placeboop.framework in Frameworks */ = {isa = PBXBuildFile; fileRef = AD630E87E78B920353FF0750 /* Pods_Placeboop.framework */; };
/* End PBXBuildFile section */

/* Begin PBXContainerItemProxy section */
		6A2FABE026A1C5B7009BA29C /* PBXContainerItemProxy */ = {
			isa = PBXContainerItemProxy;
			containerPortal = 6A2FABC126A1C5B6009BA29C /* Project object */;
			proxyType = 1;
			remoteGlobalIDString = 6A2FABC826A1C5B6009BA29C;
			remoteInfo = Fortnightly;
		};
/* End PBXContainerItemProxy section */

/* Begin PBXFileReference section */
		13C0B3E6D133D872543CAF70 /* Pods-Placeboop-PlaceboopTests.release.xcconfig */ = {isa = PBXFileReference; includeInIndex = 1; lastKnownFileType = text.xcconfig; name = "Pods-Placeboop-PlaceboopTests.release.xcconfig"; path = "Target Support Files/Pods-Placeboop-PlaceboopTests/Pods-Placeboop-PlaceboopTests.release.xcconfig"; sourceTree = "<group>"; };
		1D2EBE5E43C1E735995777CD /* Pods-Placeboop.release.xcconfig */ = {isa = PBXFileReference; includeInIndex = 1; lastKnownFileType = text.xcconfig; name = "Pods-Placeboop.release.xcconfig"; path = "Target Support Files/Pods-Placeboop/Pods-Placeboop.release.xcconfig"; sourceTree = "<group>"; };
		1FF3C5444135AC3EF392B14E /* Pods-Fortnightly-FortnightlyTests.release (mock).xcconfig */ = {isa = PBXFileReference; includeInIndex = 1; lastKnownFileType = text.xcconfig; name = "Pods-Fortnightly-FortnightlyTests.release (mock).xcconfig"; path = "Target Support Files/Pods-Fortnightly-FortnightlyTests/Pods-Fortnightly-FortnightlyTests.release (mock).xcconfig"; sourceTree = "<group>"; };
		2DE0A4406B9E71F006D444E8 /* Pods-Fortnightly-FortnightlyTests.debug.xcconfig */ = {isa = PBXFileReference; includeInIndex = 1; lastKnownFileType = text.xcconfig; name = "Pods-Fortnightly-FortnightlyTests.debug.xcconfig"; path = "Target Support Files/Pods-Fortnightly-FortnightlyTests/Pods-Fortnightly-FortnightlyTests.debug.xcconfig"; sourceTree = "<group>"; };
		4D3DA5A628D09CF9FB4EF7D3 /* Pods_Placeboop_PlaceboopTests.framework */ = {isa = PBXFileReference; explicitFileType = wrapper.framework; includeInIndex = 0; path = Pods_Placeboop_PlaceboopTests.framework; sourceTree = BUILT_PRODUCTS_DIR; };
		5453DAD615A349A989BC853D /* Pods-Placeboop-PlaceboopTests.release (mock).xcconfig */ = {isa = PBXFileReference; includeInIndex = 1; lastKnownFileType = text.xcconfig; name = "Pods-Placeboop-PlaceboopTests.release (mock).xcconfig"; path = "Target Support Files/Pods-Placeboop-PlaceboopTests/Pods-Placeboop-PlaceboopTests.release (mock).xcconfig"; sourceTree = "<group>"; };
		635B30D4CDCB0A649A386CB6 /* Pods-Fortnightly.debug (mock).xcconfig */ = {isa = PBXFileReference; includeInIndex = 1; lastKnownFileType = text.xcconfig; name = "Pods-Fortnightly.debug (mock).xcconfig"; path = "Target Support Files/Pods-Fortnightly/Pods-Fortnightly.debug (mock).xcconfig"; sourceTree = "<group>"; };
		6A1F9BFC26A22F1F00BB3ADA /* ListViewModel.swift */ = {isa = PBXFileReference; lastKnownFileType = sourcecode.swift; path = ListViewModel.swift; sourceTree = "<group>"; };
		6A1F9C0026A22F3B00BB3ADA /* ViewModelManipulator.swift */ = {isa = PBXFileReference; lastKnownFileType = sourcecode.swift; path = ViewModelManipulator.swift; sourceTree = "<group>"; };
		6A1F9C2E26A2D8DC00BB3ADA /* ScreenAssembly.swift */ = {isa = PBXFileReference; lastKnownFileType = sourcecode.swift; path = ScreenAssembly.swift; sourceTree = "<group>"; };
		6A1F9C3426A2DCB800BB3ADA /* NewsCell.swift */ = {isa = PBXFileReference; lastKnownFileType = sourcecode.swift; path = NewsCell.swift; sourceTree = "<group>"; };
		6A1F9C3526A2DCB800BB3ADA /* NewsCell.xib */ = {isa = PBXFileReference; lastKnownFileType = file.xib; path = NewsCell.xib; sourceTree = "<group>"; };
		6A1F9C3F26A2DF2500BB3ADA /* UITableView+Extensions.swift */ = {isa = PBXFileReference; lastKnownFileType = sourcecode.swift; path = "UITableView+Extensions.swift"; sourceTree = "<group>"; };
		6A1F9C4526A2DF5500BB3ADA /* UITableViewCell+Extensions.swift */ = {isa = PBXFileReference; lastKnownFileType = sourcecode.swift; path = "UITableViewCell+Extensions.swift"; sourceTree = "<group>"; };
		6A1F9C4926A2DFC100BB3ADA /* ViewError.swift */ = {isa = PBXFileReference; lastKnownFileType = sourcecode.swift; path = ViewError.swift; sourceTree = "<group>"; };
		6A1F9C4D26A2E33C00BB3ADA /* ListViewMapper.swift */ = {isa = PBXFileReference; lastKnownFileType = sourcecode.swift; path = ListViewMapper.swift; sourceTree = "<group>"; };
		6A2B865B26CEA39A00310374 /* AppDelegate+Injection.swift */ = {isa = PBXFileReference; lastKnownFileType = sourcecode.swift; path = "AppDelegate+Injection.swift"; sourceTree = "<group>"; };
		6A2FABC926A1C5B6009BA29C /* Placeboop.app */ = {isa = PBXFileReference; explicitFileType = wrapper.application; includeInIndex = 0; path = Placeboop.app; sourceTree = BUILT_PRODUCTS_DIR; };
		6A2FABCC26A1C5B6009BA29C /* AppDelegate.swift */ = {isa = PBXFileReference; lastKnownFileType = sourcecode.swift; path = AppDelegate.swift; sourceTree = "<group>"; };
		6A2FABD026A1C5B6009BA29C /* ListViewController.swift */ = {isa = PBXFileReference; lastKnownFileType = sourcecode.swift; path = ListViewController.swift; sourceTree = "<group>"; };
		6A2FABD326A1C5B6009BA29C /* Base */ = {isa = PBXFileReference; lastKnownFileType = file.storyboard; name = Base; path = Base.lproj/Main.storyboard; sourceTree = "<group>"; };
		6A2FABD526A1C5B6009BA29C /* Assets.xcassets */ = {isa = PBXFileReference; lastKnownFileType = folder.assetcatalog; path = Assets.xcassets; sourceTree = "<group>"; };
		6A2FABD826A1C5B6009BA29C /* Base */ = {isa = PBXFileReference; lastKnownFileType = file.storyboard; name = Base; path = Base.lproj/LaunchScreen.storyboard; sourceTree = "<group>"; };
		6A2FABDA26A1C5B6009BA29C /* Info.plist */ = {isa = PBXFileReference; lastKnownFileType = text.plist.xml; path = Info.plist; sourceTree = "<group>"; };
		6A2FABDF26A1C5B7009BA29C /* PlaceboopTests.xctest */ = {isa = PBXFileReference; explicitFileType = wrapper.cfbundle; includeInIndex = 0; path = PlaceboopTests.xctest; sourceTree = BUILT_PRODUCTS_DIR; };
		6A2FABE526A1C5B7009BA29C /* Info.plist */ = {isa = PBXFileReference; lastKnownFileType = text.plist.xml; path = Info.plist; sourceTree = "<group>"; };
		6A3F7F4D26A47CA500E1FC7C /* ListViewModelTests.swift */ = {isa = PBXFileReference; lastKnownFileType = sourcecode.swift; path = ListViewModelTests.swift; sourceTree = "<group>"; };
		6A3F7F5526A47D2900E1FC7C /* Mock.generated.swift */ = {isa = PBXFileReference; fileEncoding = 4; lastKnownFileType = sourcecode.swift; path = Mock.generated.swift; sourceTree = "<group>"; };
		6A3F7F5D26A4813300E1FC7C /* DetailsViewModelTests.swift */ = {isa = PBXFileReference; lastKnownFileType = sourcecode.swift; path = DetailsViewModelTests.swift; sourceTree = "<group>"; };
		6A5D927826A4214F006E010C /* UIConstants.swift */ = {isa = PBXFileReference; lastKnownFileType = sourcecode.swift; path = UIConstants.swift; sourceTree = "<group>"; };
		6A5D927C26A421AE006E010C /* Navigator.swift */ = {isa = PBXFileReference; lastKnownFileType = sourcecode.swift; path = Navigator.swift; sourceTree = "<group>"; };
		6A72EC8826A1F30C00CFAE64 /* ViewDataBinder.swift */ = {isa = PBXFileReference; lastKnownFileType = sourcecode.swift; path = ViewDataBinder.swift; sourceTree = "<group>"; };
		6A72EC9226A1F38300CFAE64 /* ViewEventListener.swift */ = {isa = PBXFileReference; lastKnownFileType = sourcecode.swift; path = ViewEventListener.swift; sourceTree = "<group>"; };
		6AC2A2EE26A214EE002D1A53 /* Domain.framework */ = {isa = PBXFileReference; explicitFileType = wrapper.framework; path = Domain.framework; sourceTree = BUILT_PRODUCTS_DIR; };
		6AC979F626A2180600490AF9 /* Core.framework */ = {isa = PBXFileReference; explicitFileType = wrapper.framework; path = Core.framework; sourceTree = BUILT_PRODUCTS_DIR; };
		6AFDF9BC26A36D7F002D167E /* en */ = {isa = PBXFileReference; lastKnownFileType = text.plist.strings; name = en; path = en.lproj/Localizable.strings; sourceTree = "<group>"; };
		6AFDF9C426A36E9F002D167E /* Merriweather-Bold.ttf */ = {isa = PBXFileReference; lastKnownFileType = file; path = "Merriweather-Bold.ttf"; sourceTree = "<group>"; };
		6AFDF9C526A36E9F002D167E /* Merriweather-Black.ttf */ = {isa = PBXFileReference; lastKnownFileType = file; path = "Merriweather-Black.ttf"; sourceTree = "<group>"; };
		6AFDF9C626A36E9F002D167E /* Merriweather-BlackItalic.ttf */ = {isa = PBXFileReference; lastKnownFileType = file; path = "Merriweather-BlackItalic.ttf"; sourceTree = "<group>"; };
		6AFDF9C726A36E9F002D167E /* Merriweather-LightItalic.ttf */ = {isa = PBXFileReference; lastKnownFileType = file; path = "Merriweather-LightItalic.ttf"; sourceTree = "<group>"; };
		6AFDF9C826A36E9F002D167E /* Merriweather-BoldItalic.ttf */ = {isa = PBXFileReference; lastKnownFileType = file; path = "Merriweather-BoldItalic.ttf"; sourceTree = "<group>"; };
		6AFDF9C926A36E9F002D167E /* Merriweather-Italic.ttf */ = {isa = PBXFileReference; lastKnownFileType = file; path = "Merriweather-Italic.ttf"; sourceTree = "<group>"; };
		6AFDF9CA26A36E9F002D167E /* Merriweather-Regular.ttf */ = {isa = PBXFileReference; lastKnownFileType = file; path = "Merriweather-Regular.ttf"; sourceTree = "<group>"; };
		6AFDF9CB26A36E9F002D167E /* Merriweather-Light.ttf */ = {isa = PBXFileReference; lastKnownFileType = file; path = "Merriweather-Light.ttf"; sourceTree = "<group>"; };
		6AFDF9D626A36EBC002D167E /* LibreFranklin-ThinItalic.ttf */ = {isa = PBXFileReference; lastKnownFileType = file; path = "LibreFranklin-ThinItalic.ttf"; sourceTree = "<group>"; };
		6AFDF9D726A36EBC002D167E /* LibreFranklin-LightItalic.ttf */ = {isa = PBXFileReference; lastKnownFileType = file; path = "LibreFranklin-LightItalic.ttf"; sourceTree = "<group>"; };
		6AFDF9D826A36EBC002D167E /* LibreFranklin-Light.ttf */ = {isa = PBXFileReference; lastKnownFileType = file; path = "LibreFranklin-Light.ttf"; sourceTree = "<group>"; };
		6AFDF9D926A36EBC002D167E /* LibreFranklin-Italic.ttf */ = {isa = PBXFileReference; lastKnownFileType = file; path = "LibreFranklin-Italic.ttf"; sourceTree = "<group>"; };
		6AFDF9DA26A36EBC002D167E /* LibreFranklin-BoldItalic.ttf */ = {isa = PBXFileReference; lastKnownFileType = file; path = "LibreFranklin-BoldItalic.ttf"; sourceTree = "<group>"; };
		6AFDF9DB26A36EBD002D167E /* LibreFranklin-ExtraLightItalic.ttf */ = {isa = PBXFileReference; lastKnownFileType = file; path = "LibreFranklin-ExtraLightItalic.ttf"; sourceTree = "<group>"; };
		6AFDF9DC26A36EBD002D167E /* LibreFranklin-ExtraBold.ttf */ = {isa = PBXFileReference; lastKnownFileType = file; path = "LibreFranklin-ExtraBold.ttf"; sourceTree = "<group>"; };
		6AFDF9DD26A36EBD002D167E /* LibreFranklin-Bold.ttf */ = {isa = PBXFileReference; lastKnownFileType = file; path = "LibreFranklin-Bold.ttf"; sourceTree = "<group>"; };
		6AFDF9DE26A36EBD002D167E /* LibreFranklin-SemiBoldItalic.ttf */ = {isa = PBXFileReference; lastKnownFileType = file; path = "LibreFranklin-SemiBoldItalic.ttf"; sourceTree = "<group>"; };
		6AFDF9DF26A36EBD002D167E /* LibreFranklin-ExtraBoldItalic.ttf */ = {isa = PBXFileReference; lastKnownFileType = file; path = "LibreFranklin-ExtraBoldItalic.ttf"; sourceTree = "<group>"; };
		6AFDF9E026A36EBD002D167E /* LibreFranklin-SemiBold.ttf */ = {isa = PBXFileReference; lastKnownFileType = file; path = "LibreFranklin-SemiBold.ttf"; sourceTree = "<group>"; };
		6AFDF9E126A36EBD002D167E /* LibreFranklin-Black.ttf */ = {isa = PBXFileReference; lastKnownFileType = file; path = "LibreFranklin-Black.ttf"; sourceTree = "<group>"; };
		6AFDF9E226A36EBE002D167E /* LibreFranklin-BlackItalic.ttf */ = {isa = PBXFileReference; lastKnownFileType = file; path = "LibreFranklin-BlackItalic.ttf"; sourceTree = "<group>"; };
		6AFDF9E326A36EBE002D167E /* LibreFranklin-ExtraLight.ttf */ = {isa = PBXFileReference; lastKnownFileType = file; path = "LibreFranklin-ExtraLight.ttf"; sourceTree = "<group>"; };
		6AFDF9E426A36EBE002D167E /* LibreFranklin-Regular.ttf */ = {isa = PBXFileReference; lastKnownFileType = file; path = "LibreFranklin-Regular.ttf"; sourceTree = "<group>"; };
		6AFDF9E526A36EBE002D167E /* LibreFranklin-Medium.ttf */ = {isa = PBXFileReference; lastKnownFileType = file; path = "LibreFranklin-Medium.ttf"; sourceTree = "<group>"; };
		6AFDF9E626A36EBE002D167E /* LibreFranklin-Thin.ttf */ = {isa = PBXFileReference; lastKnownFileType = file; path = "LibreFranklin-Thin.ttf"; sourceTree = "<group>"; };
		6AFDF9E726A36EBE002D167E /* LibreFranklin-MediumItalic.ttf */ = {isa = PBXFileReference; lastKnownFileType = file; path = "LibreFranklin-MediumItalic.ttf"; sourceTree = "<group>"; };
		6AFDFA4926A3715D002D167E /* Fonts.swift */ = {isa = PBXFileReference; fileEncoding = 4; lastKnownFileType = sourcecode.swift; path = Fonts.swift; sourceTree = "<group>"; };
		6AFDFA4A26A3715D002D167E /* Localization.swift */ = {isa = PBXFileReference; fileEncoding = 4; lastKnownFileType = sourcecode.swift; path = Localization.swift; sourceTree = "<group>"; };
		6AFDFA4B26A3715D002D167E /* XCAssets+Generated.swift */ = {isa = PBXFileReference; fileEncoding = 4; lastKnownFileType = sourcecode.swift; path = "XCAssets+Generated.swift"; sourceTree = "<group>"; };
		6AFDFA5126A37305002D167E /* UIColor+Extensions.swift */ = {isa = PBXFileReference; lastKnownFileType = sourcecode.swift; path = "UIColor+Extensions.swift"; sourceTree = "<group>"; };
		6AFDFA5526A37610002D167E /* Date+Extensions.swift */ = {isa = PBXFileReference; lastKnownFileType = sourcecode.swift; path = "Date+Extensions.swift"; sourceTree = "<group>"; };
		6AFDFA5B26A38949002D167E /* DetailsViewController.swift */ = {isa = PBXFileReference; lastKnownFileType = sourcecode.swift; path = DetailsViewController.swift; sourceTree = "<group>"; };
		6AFDFA5F26A389F1002D167E /* DetailsViewModel.swift */ = {isa = PBXFileReference; lastKnownFileType = sourcecode.swift; path = DetailsViewModel.swift; sourceTree = "<group>"; };
		6EA9FD80D18E46AC153DB066 /* Pods-Fortnightly.debug.xcconfig */ = {isa = PBXFileReference; includeInIndex = 1; lastKnownFileType = text.xcconfig; name = "Pods-Fortnightly.debug.xcconfig"; path = "Target Support Files/Pods-Fortnightly/Pods-Fortnightly.debug.xcconfig"; sourceTree = "<group>"; };
		6FDBB681AF0868080C1B5C32 /* Pods-Fortnightly-FortnightlyTests.debug (mock).xcconfig */ = {isa = PBXFileReference; includeInIndex = 1; lastKnownFileType = text.xcconfig; name = "Pods-Fortnightly-FortnightlyTests.debug (mock).xcconfig"; path = "Target Support Files/Pods-Fortnightly-FortnightlyTests/Pods-Fortnightly-FortnightlyTests.debug (mock).xcconfig"; sourceTree = "<group>"; };
		A32D5A80ADA10482402D0553 /* Pods-Placeboop-PlaceboopTests.debug.xcconfig */ = {isa = PBXFileReference; includeInIndex = 1; lastKnownFileType = text.xcconfig; name = "Pods-Placeboop-PlaceboopTests.debug.xcconfig"; path = "Target Support Files/Pods-Placeboop-PlaceboopTests/Pods-Placeboop-PlaceboopTests.debug.xcconfig"; sourceTree = "<group>"; };
		AD630E87E78B920353FF0750 /* Pods_Placeboop.framework */ = {isa = PBXFileReference; explicitFileType = wrapper.framework; includeInIndex = 0; path = Pods_Placeboop.framework; sourceTree = BUILT_PRODUCTS_DIR; };
		B53D59F8B7163BA5B46A30ED /* Pods-Fortnightly-FortnightlyTests.release.xcconfig */ = {isa = PBXFileReference; includeInIndex = 1; lastKnownFileType = text.xcconfig; name = "Pods-Fortnightly-FortnightlyTests.release.xcconfig"; path = "Target Support Files/Pods-Fortnightly-FortnightlyTests/Pods-Fortnightly-FortnightlyTests.release.xcconfig"; sourceTree = "<group>"; };
		B77360C80229E5C4BE5AC53D /* Pods-Placeboop.debug (mock).xcconfig */ = {isa = PBXFileReference; includeInIndex = 1; lastKnownFileType = text.xcconfig; name = "Pods-Placeboop.debug (mock).xcconfig"; path = "Target Support Files/Pods-Placeboop/Pods-Placeboop.debug (mock).xcconfig"; sourceTree = "<group>"; };
		B8E58C389370AA98E8A3ECBB /* Pods-Placeboop-PlaceboopTests.debug (mock).xcconfig */ = {isa = PBXFileReference; includeInIndex = 1; lastKnownFileType = text.xcconfig; name = "Pods-Placeboop-PlaceboopTests.debug (mock).xcconfig"; path = "Target Support Files/Pods-Placeboop-PlaceboopTests/Pods-Placeboop-PlaceboopTests.debug (mock).xcconfig"; sourceTree = "<group>"; };
		C3666602D4CC38D5E873B254 /* Pods-Fortnightly.release.xcconfig */ = {isa = PBXFileReference; includeInIndex = 1; lastKnownFileType = text.xcconfig; name = "Pods-Fortnightly.release.xcconfig"; path = "Target Support Files/Pods-Fortnightly/Pods-Fortnightly.release.xcconfig"; sourceTree = "<group>"; };
		CDDC8B4964772EAE09680507 /* Pods-Fortnightly.release (mock).xcconfig */ = {isa = PBXFileReference; includeInIndex = 1; lastKnownFileType = text.xcconfig; name = "Pods-Fortnightly.release (mock).xcconfig"; path = "Target Support Files/Pods-Fortnightly/Pods-Fortnightly.release (mock).xcconfig"; sourceTree = "<group>"; };
		D3D4A10689BBB58C4E8033AA /* Pods-Placeboop.debug.xcconfig */ = {isa = PBXFileReference; includeInIndex = 1; lastKnownFileType = text.xcconfig; name = "Pods-Placeboop.debug.xcconfig"; path = "Target Support Files/Pods-Placeboop/Pods-Placeboop.debug.xcconfig"; sourceTree = "<group>"; };
		FE822CC01BE55F439B301D34 /* Pods-Placeboop.release (mock).xcconfig */ = {isa = PBXFileReference; includeInIndex = 1; lastKnownFileType = text.xcconfig; name = "Pods-Placeboop.release (mock).xcconfig"; path = "Target Support Files/Pods-Placeboop/Pods-Placeboop.release (mock).xcconfig"; sourceTree = "<group>"; };
/* End PBXFileReference section */

/* Begin PBXFrameworksBuildPhase section */
		6A2FABC626A1C5B6009BA29C /* Frameworks */ = {
			isa = PBXFrameworksBuildPhase;
			buildActionMask = 2147483647;
			files = (
				6AC979F726A2180600490AF9 /* Core.framework in Frameworks */,
				6AC2A2EF26A214EE002D1A53 /* Domain.framework in Frameworks */,
				D827E793A8AD36A056BCF84E /* Pods_Placeboop.framework in Frameworks */,
			);
			runOnlyForDeploymentPostprocessing = 0;
		};
		6A2FABDC26A1C5B7009BA29C /* Frameworks */ = {
			isa = PBXFrameworksBuildPhase;
			buildActionMask = 2147483647;
			files = (
				D2CE12FD4B4E3260AC803A04 /* Pods_Placeboop_PlaceboopTests.framework in Frameworks */,
			);
			runOnlyForDeploymentPostprocessing = 0;
		};
/* End PBXFrameworksBuildPhase section */

/* Begin PBXGroup section */
		688F40ECE706E1903649DDAC /* Frameworks */ = {
			isa = PBXGroup;
			children = (
				6AC979F626A2180600490AF9 /* Core.framework */,
				6AC2A2EE26A214EE002D1A53 /* Domain.framework */,
				AD630E87E78B920353FF0750 /* Pods_Placeboop.framework */,
				4D3DA5A628D09CF9FB4EF7D3 /* Pods_Placeboop_PlaceboopTests.framework */,
			);
			name = Frameworks;
			sourceTree = "<group>";
		};
		6A1F9C2926A2D84000BB3ADA /* DI */ = {
			isa = PBXGroup;
			children = (
				6A1F9C2E26A2D8DC00BB3ADA /* ScreenAssembly.swift */,
			);
			path = DI;
			sourceTree = "<group>";
		};
		6A1F9C3226A2DC9D00BB3ADA /* View */ = {
			isa = PBXGroup;
			children = (
				6A1F9C3326A2DCA300BB3ADA /* NewsCell */,
			);
			path = View;
			sourceTree = "<group>";
		};
		6A1F9C3326A2DCA300BB3ADA /* NewsCell */ = {
			isa = PBXGroup;
			children = (
				6A1F9C3426A2DCB800BB3ADA /* NewsCell.swift */,
				6A1F9C3526A2DCB800BB3ADA /* NewsCell.xib */,
			);
			path = NewsCell;
			sourceTree = "<group>";
		};
		6A1F9C3E26A2DF0600BB3ADA /* Extensions */ = {
			isa = PBXGroup;
			children = (
				6A1F9C3F26A2DF2500BB3ADA /* UITableView+Extensions.swift */,
				6A1F9C4526A2DF5500BB3ADA /* UITableViewCell+Extensions.swift */,
				6AFDFA5126A37305002D167E /* UIColor+Extensions.swift */,
				6AFDFA5526A37610002D167E /* Date+Extensions.swift */,
				6A2B865B26CEA39A00310374 /* AppDelegate+Injection.swift */,
			);
			path = Extensions;
			sourceTree = "<group>";
		};
		6A2FABC026A1C5B6009BA29C = {
			isa = PBXGroup;
			children = (
				6A2FABCB26A1C5B6009BA29C /* Placeboop */,
				6A2FABE226A1C5B7009BA29C /* PlaceboopTests */,
				6A2FABCA26A1C5B6009BA29C /* Products */,
				9FCC74098B03BBFD4AA51439 /* Pods */,
				688F40ECE706E1903649DDAC /* Frameworks */,
			);
			sourceTree = "<group>";
		};
		6A2FABCA26A1C5B6009BA29C /* Products */ = {
			isa = PBXGroup;
			children = (
				6A2FABC926A1C5B6009BA29C /* Placeboop.app */,
				6A2FABDF26A1C5B7009BA29C /* PlaceboopTests.xctest */,
			);
			name = Products;
			sourceTree = "<group>";
		};
		6A2FABCB26A1C5B6009BA29C /* Placeboop */ = {
			isa = PBXGroup;
			children = (
				6AFDF9C026A36E5E002D167E /* Resources */,
				6A1F9C3E26A2DF0600BB3ADA /* Extensions */,
				6A72EC8726A1F2D500CFAE64 /* Common */,
				6A72EC8026A1F27C00CFAE64 /* Screens */,
				6A72EC7F26A1F25800CFAE64 /* Storyboards */,
				6A2FABCC26A1C5B6009BA29C /* AppDelegate.swift */,
				6A2FABDA26A1C5B6009BA29C /* Info.plist */,
			);
			path = Placeboop;
			sourceTree = "<group>";
		};
		6A2FABE226A1C5B7009BA29C /* PlaceboopTests */ = {
			isa = PBXGroup;
			children = (
				6A3F7F5526A47D2900E1FC7C /* Mock.generated.swift */,
				6A3F7F4A26A47C8D00E1FC7C /* Screens */,
				6A2FABE526A1C5B7009BA29C /* Info.plist */,
			);
			path = PlaceboopTests;
			sourceTree = "<group>";
		};
		6A3F7F4A26A47C8D00E1FC7C /* Screens */ = {
			isa = PBXGroup;
			children = (
				6A3F7F4C26A47C9600E1FC7C /* Details */,
				6A3F7F4B26A47C9200E1FC7C /* List */,
			);
			path = Screens;
			sourceTree = "<group>";
		};
		6A3F7F4B26A47C9200E1FC7C /* List */ = {
			isa = PBXGroup;
			children = (
				6A3F7F4D26A47CA500E1FC7C /* ListViewModelTests.swift */,
			);
			path = List;
			sourceTree = "<group>";
		};
		6A3F7F4C26A47C9600E1FC7C /* Details */ = {
			isa = PBXGroup;
			children = (
				6A3F7F5D26A4813300E1FC7C /* DetailsViewModelTests.swift */,
			);
			path = Details;
			sourceTree = "<group>";
		};
		6A72EC7F26A1F25800CFAE64 /* Storyboards */ = {
			isa = PBXGroup;
			children = (
				6A2FABD226A1C5B6009BA29C /* Main.storyboard */,
				6A2FABD726A1C5B6009BA29C /* LaunchScreen.storyboard */,
			);
			path = Storyboards;
			sourceTree = "<group>";
		};
		6A72EC8026A1F27C00CFAE64 /* Screens */ = {
			isa = PBXGroup;
			children = (
				6A1F9C2926A2D84000BB3ADA /* DI */,
				6A72EC8626A1F2B700CFAE64 /* Details */,
				6A72EC8526A1F2B300CFAE64 /* List */,
			);
			path = Screens;
			sourceTree = "<group>";
		};
		6A72EC8526A1F2B300CFAE64 /* List */ = {
			isa = PBXGroup;
			children = (
				6A1F9C3226A2DC9D00BB3ADA /* View */,
				6A2FABD026A1C5B6009BA29C /* ListViewController.swift */,
				6A1F9BFC26A22F1F00BB3ADA /* ListViewModel.swift */,
				6A1F9C4D26A2E33C00BB3ADA /* ListViewMapper.swift */,
			);
			path = List;
			sourceTree = "<group>";
		};
		6A72EC8626A1F2B700CFAE64 /* Details */ = {
			isa = PBXGroup;
			children = (
				6AFDFA5B26A38949002D167E /* DetailsViewController.swift */,
				6AFDFA5F26A389F1002D167E /* DetailsViewModel.swift */,
			);
			path = Details;
			sourceTree = "<group>";
		};
		6A72EC8726A1F2D500CFAE64 /* Common */ = {
			isa = PBXGroup;
			children = (
				6AFDFA4226A37120002D167E /* Generated */,
				6A72EC8826A1F30C00CFAE64 /* ViewDataBinder.swift */,
				6A1F9C4926A2DFC100BB3ADA /* ViewError.swift */,
				6A72EC9226A1F38300CFAE64 /* ViewEventListener.swift */,
				6A1F9C0026A22F3B00BB3ADA /* ViewModelManipulator.swift */,
				6A5D927826A4214F006E010C /* UIConstants.swift */,
				6A5D927C26A421AE006E010C /* Navigator.swift */,
			);
			path = Common;
			sourceTree = "<group>";
		};
		6AFDF9C026A36E5E002D167E /* Resources */ = {
			isa = PBXGroup;
			children = (
				6AFDF9C326A36E7C002D167E /* Assets */,
				6AFDF9C226A36E75002D167E /* Localization */,
				6AFDF9C126A36E6E002D167E /* Fonts */,
			);
			path = Resources;
			sourceTree = "<group>";
		};
		6AFDF9C126A36E6E002D167E /* Fonts */ = {
			isa = PBXGroup;
			children = (
				6AFDF9C526A36E9F002D167E /* Merriweather-Black.ttf */,
				6AFDF9C626A36E9F002D167E /* Merriweather-BlackItalic.ttf */,
				6AFDF9C426A36E9F002D167E /* Merriweather-Bold.ttf */,
				6AFDF9C826A36E9F002D167E /* Merriweather-BoldItalic.ttf */,
				6AFDF9C926A36E9F002D167E /* Merriweather-Italic.ttf */,
				6AFDF9CB26A36E9F002D167E /* Merriweather-Light.ttf */,
				6AFDF9C726A36E9F002D167E /* Merriweather-LightItalic.ttf */,
				6AFDF9CA26A36E9F002D167E /* Merriweather-Regular.ttf */,
				6AFDF9E126A36EBD002D167E /* LibreFranklin-Black.ttf */,
				6AFDF9E226A36EBE002D167E /* LibreFranklin-BlackItalic.ttf */,
				6AFDF9DD26A36EBD002D167E /* LibreFranklin-Bold.ttf */,
				6AFDF9DA26A36EBC002D167E /* LibreFranklin-BoldItalic.ttf */,
				6AFDF9DC26A36EBD002D167E /* LibreFranklin-ExtraBold.ttf */,
				6AFDF9DF26A36EBD002D167E /* LibreFranklin-ExtraBoldItalic.ttf */,
				6AFDF9E326A36EBE002D167E /* LibreFranklin-ExtraLight.ttf */,
				6AFDF9DB26A36EBD002D167E /* LibreFranklin-ExtraLightItalic.ttf */,
				6AFDF9D926A36EBC002D167E /* LibreFranklin-Italic.ttf */,
				6AFDF9D826A36EBC002D167E /* LibreFranklin-Light.ttf */,
				6AFDF9D726A36EBC002D167E /* LibreFranklin-LightItalic.ttf */,
				6AFDF9E526A36EBE002D167E /* LibreFranklin-Medium.ttf */,
				6AFDF9E726A36EBE002D167E /* LibreFranklin-MediumItalic.ttf */,
				6AFDF9E426A36EBE002D167E /* LibreFranklin-Regular.ttf */,
				6AFDF9E026A36EBD002D167E /* LibreFranklin-SemiBold.ttf */,
				6AFDF9DE26A36EBD002D167E /* LibreFranklin-SemiBoldItalic.ttf */,
				6AFDF9E626A36EBE002D167E /* LibreFranklin-Thin.ttf */,
				6AFDF9D626A36EBC002D167E /* LibreFranklin-ThinItalic.ttf */,
			);
			path = Fonts;
			sourceTree = "<group>";
		};
		6AFDF9C226A36E75002D167E /* Localization */ = {
			isa = PBXGroup;
			children = (
				6AFDF9BD26A36D7F002D167E /* Localizable.strings */,
			);
			path = Localization;
			sourceTree = "<group>";
		};
		6AFDF9C326A36E7C002D167E /* Assets */ = {
			isa = PBXGroup;
			children = (
				6A2FABD526A1C5B6009BA29C /* Assets.xcassets */,
			);
			path = Assets;
			sourceTree = "<group>";
		};
		6AFDFA4226A37120002D167E /* Generated */ = {
			isa = PBXGroup;
			children = (
				6AFDFA4926A3715D002D167E /* Fonts.swift */,
				6AFDFA4A26A3715D002D167E /* Localization.swift */,
				6AFDFA4B26A3715D002D167E /* XCAssets+Generated.swift */,
			);
			path = Generated;
			sourceTree = "<group>";
		};
		9FCC74098B03BBFD4AA51439 /* Pods */ = {
			isa = PBXGroup;
			children = (
				6EA9FD80D18E46AC153DB066 /* Pods-Fortnightly.debug.xcconfig */,
				635B30D4CDCB0A649A386CB6 /* Pods-Fortnightly.debug (mock).xcconfig */,
				C3666602D4CC38D5E873B254 /* Pods-Fortnightly.release.xcconfig */,
				CDDC8B4964772EAE09680507 /* Pods-Fortnightly.release (mock).xcconfig */,
				2DE0A4406B9E71F006D444E8 /* Pods-Fortnightly-FortnightlyTests.debug.xcconfig */,
				6FDBB681AF0868080C1B5C32 /* Pods-Fortnightly-FortnightlyTests.debug (mock).xcconfig */,
				B53D59F8B7163BA5B46A30ED /* Pods-Fortnightly-FortnightlyTests.release.xcconfig */,
				1FF3C5444135AC3EF392B14E /* Pods-Fortnightly-FortnightlyTests.release (mock).xcconfig */,
				D3D4A10689BBB58C4E8033AA /* Pods-Placeboop.debug.xcconfig */,
				B77360C80229E5C4BE5AC53D /* Pods-Placeboop.debug (mock).xcconfig */,
				1D2EBE5E43C1E735995777CD /* Pods-Placeboop.release.xcconfig */,
				FE822CC01BE55F439B301D34 /* Pods-Placeboop.release (mock).xcconfig */,
				A32D5A80ADA10482402D0553 /* Pods-Placeboop-PlaceboopTests.debug.xcconfig */,
				B8E58C389370AA98E8A3ECBB /* Pods-Placeboop-PlaceboopTests.debug (mock).xcconfig */,
				13C0B3E6D133D872543CAF70 /* Pods-Placeboop-PlaceboopTests.release.xcconfig */,
				5453DAD615A349A989BC853D /* Pods-Placeboop-PlaceboopTests.release (mock).xcconfig */,
			);
			path = Pods;
			sourceTree = "<group>";
		};
/* End PBXGroup section */

/* Begin PBXNativeTarget section */
		6A2FABC826A1C5B6009BA29C /* Placeboop */ = {
			isa = PBXNativeTarget;
			buildConfigurationList = 6A2FABF326A1C5B7009BA29C /* Build configuration list for PBXNativeTarget "Placeboop" */;
			buildPhases = (
				7F03340CEA2F04AA8CD4CFFB /* [CP] Check Pods Manifest.lock */,
				6A2FABC526A1C5B6009BA29C /* Sources */,
				6A2FABC626A1C5B6009BA29C /* Frameworks */,
				6A2FABC726A1C5B6009BA29C /* Resources */,
				6AFDF9AE26A36CEA002D167E /* Swiftgen */,
				46D6D667430AF8778773E358 /* [CP] Embed Pods Frameworks */,
			);
			buildRules = (
			);
			dependencies = (
			);
			name = Placeboop;
			productName = Fortnightly;
			productReference = 6A2FABC926A1C5B6009BA29C /* Placeboop.app */;
			productType = "com.apple.product-type.application";
		};
		6A2FABDE26A1C5B7009BA29C /* PlaceboopTests */ = {
			isa = PBXNativeTarget;
			buildConfigurationList = 6A2FABF626A1C5B7009BA29C /* Build configuration list for PBXNativeTarget "PlaceboopTests" */;
			buildPhases = (
				0EDBF59B5D4B64D4537D989A /* [CP] Check Pods Manifest.lock */,
				6A2FABDB26A1C5B7009BA29C /* Sources */,
				6A2FABDC26A1C5B7009BA29C /* Frameworks */,
				6A2FABDD26A1C5B7009BA29C /* Resources */,
				9570D783547067EA706505B2 /* [CP] Embed Pods Frameworks */,
			);
			buildRules = (
			);
			dependencies = (
				6A2FABE126A1C5B7009BA29C /* PBXTargetDependency */,
			);
			name = PlaceboopTests;
			productName = FortnightlyTests;
			productReference = 6A2FABDF26A1C5B7009BA29C /* PlaceboopTests.xctest */;
			productType = "com.apple.product-type.bundle.unit-test";
		};
/* End PBXNativeTarget section */

/* Begin PBXProject section */
		6A2FABC126A1C5B6009BA29C /* Project object */ = {
			isa = PBXProject;
			attributes = {
				LastSwiftUpdateCheck = 1240;
				LastUpgradeCheck = 1240;
				TargetAttributes = {
					6A2FABC826A1C5B6009BA29C = {
						CreatedOnToolsVersion = 12.4;
					};
					6A2FABDE26A1C5B7009BA29C = {
						CreatedOnToolsVersion = 12.4;
						LastSwiftMigration = 1240;
						TestTargetID = 6A2FABC826A1C5B6009BA29C;
					};
				};
			};
			buildConfigurationList = 6A2FABC426A1C5B6009BA29C /* Build configuration list for PBXProject "Placeboop" */;
			compatibilityVersion = "Xcode 9.3";
			developmentRegion = en;
			hasScannedForEncodings = 0;
			knownRegions = (
				en,
				Base,
			);
			mainGroup = 6A2FABC026A1C5B6009BA29C;
			productRefGroup = 6A2FABCA26A1C5B6009BA29C /* Products */;
			projectDirPath = "";
			projectRoot = "";
			targets = (
				6A2FABC826A1C5B6009BA29C /* Placeboop */,
				6A2FABDE26A1C5B7009BA29C /* PlaceboopTests */,
			);
		};
/* End PBXProject section */

/* Begin PBXResourcesBuildPhase section */
		6A2FABC726A1C5B6009BA29C /* Resources */ = {
			isa = PBXResourcesBuildPhase;
			buildActionMask = 2147483647;
			files = (
				6AFDF9E926A36EBF002D167E /* LibreFranklin-LightItalic.ttf in Resources */,
				6AFDF9CC26A36E9F002D167E /* Merriweather-Bold.ttf in Resources */,
				6AFDF9EB26A36EBF002D167E /* LibreFranklin-Italic.ttf in Resources */,
				6AFDF9ED26A36EBF002D167E /* LibreFranklin-ExtraLightItalic.ttf in Resources */,
				6AFDF9CD26A36E9F002D167E /* Merriweather-Black.ttf in Resources */,
				6AFDF9F226A36EBF002D167E /* LibreFranklin-SemiBold.ttf in Resources */,
				6AFDF9D026A36E9F002D167E /* Merriweather-BoldItalic.ttf in Resources */,
				6AFDF9F726A36EBF002D167E /* LibreFranklin-Medium.ttf in Resources */,
				6AFDF9E826A36EBE002D167E /* LibreFranklin-ThinItalic.ttf in Resources */,
				6AFDF9F826A36EBF002D167E /* LibreFranklin-Thin.ttf in Resources */,
				6AFDF9BB26A36D7F002D167E /* Localizable.strings in Resources */,
				6A2FABD926A1C5B6009BA29C /* LaunchScreen.storyboard in Resources */,
				6A2FABD626A1C5B6009BA29C /* Assets.xcassets in Resources */,
				6AFDF9CF26A36E9F002D167E /* Merriweather-LightItalic.ttf in Resources */,
				6A1F9C3726A2DCB800BB3ADA /* NewsCell.xib in Resources */,
				6AFDF9F926A36EBF002D167E /* LibreFranklin-MediumItalic.ttf in Resources */,
				6AFDF9EE26A36EBF002D167E /* LibreFranklin-ExtraBold.ttf in Resources */,
				6A2FABD426A1C5B6009BA29C /* Main.storyboard in Resources */,
				6AFDF9F626A36EBF002D167E /* LibreFranklin-Regular.ttf in Resources */,
				6AFDF9EA26A36EBF002D167E /* LibreFranklin-Light.ttf in Resources */,
				6AFDF9F126A36EBF002D167E /* LibreFranklin-ExtraBoldItalic.ttf in Resources */,
				6AFDF9EC26A36EBF002D167E /* LibreFranklin-BoldItalic.ttf in Resources */,
				6AFDF9F026A36EBF002D167E /* LibreFranklin-SemiBoldItalic.ttf in Resources */,
				6AFDF9D326A36E9F002D167E /* Merriweather-Light.ttf in Resources */,
				6AFDF9EF26A36EBF002D167E /* LibreFranklin-Bold.ttf in Resources */,
				6AFDF9D126A36E9F002D167E /* Merriweather-Italic.ttf in Resources */,
				6AFDF9F426A36EBF002D167E /* LibreFranklin-BlackItalic.ttf in Resources */,
				6AFDF9D226A36E9F002D167E /* Merriweather-Regular.ttf in Resources */,
				6AFDF9F526A36EBF002D167E /* LibreFranklin-ExtraLight.ttf in Resources */,
				6AFDF9F326A36EBF002D167E /* LibreFranklin-Black.ttf in Resources */,
				6AFDF9CE26A36E9F002D167E /* Merriweather-BlackItalic.ttf in Resources */,
			);
			runOnlyForDeploymentPostprocessing = 0;
		};
		6A2FABDD26A1C5B7009BA29C /* Resources */ = {
			isa = PBXResourcesBuildPhase;
			buildActionMask = 2147483647;
			files = (
			);
			runOnlyForDeploymentPostprocessing = 0;
		};
/* End PBXResourcesBuildPhase section */

/* Begin PBXShellScriptBuildPhase section */
		0EDBF59B5D4B64D4537D989A /* [CP] Check Pods Manifest.lock */ = {
			isa = PBXShellScriptBuildPhase;
			buildActionMask = 2147483647;
			files = (
			);
			inputFileListPaths = (
			);
			inputPaths = (
				"${PODS_PODFILE_DIR_PATH}/Podfile.lock",
				"${PODS_ROOT}/Manifest.lock",
			);
			name = "[CP] Check Pods Manifest.lock";
			outputFileListPaths = (
			);
			outputPaths = (
				"$(DERIVED_FILE_DIR)/Pods-Placeboop-PlaceboopTests-checkManifestLockResult.txt",
			);
			runOnlyForDeploymentPostprocessing = 0;
			shellPath = /bin/sh;
			shellScript = "diff \"${PODS_PODFILE_DIR_PATH}/Podfile.lock\" \"${PODS_ROOT}/Manifest.lock\" > /dev/null\nif [ $? != 0 ] ; then\n    # print error to STDERR\n    echo \"error: The sandbox is not in sync with the Podfile.lock. Run 'pod install' or update your CocoaPods installation.\" >&2\n    exit 1\nfi\n# This output is used by Xcode 'outputs' to avoid re-running this script phase.\necho \"SUCCESS\" > \"${SCRIPT_OUTPUT_FILE_0}\"\n";
			showEnvVarsInLog = 0;
		};
		46D6D667430AF8778773E358 /* [CP] Embed Pods Frameworks */ = {
			isa = PBXShellScriptBuildPhase;
			buildActionMask = 2147483647;
			files = (
			);
			inputFileListPaths = (
				"${PODS_ROOT}/Target Support Files/Pods-Placeboop/Pods-Placeboop-frameworks-${CONFIGURATION}-input-files.xcfilelist",
			);
			name = "[CP] Embed Pods Frameworks";
			outputFileListPaths = (
				"${PODS_ROOT}/Target Support Files/Pods-Placeboop/Pods-Placeboop-frameworks-${CONFIGURATION}-output-files.xcfilelist",
			);
			runOnlyForDeploymentPostprocessing = 0;
			shellPath = /bin/sh;
			shellScript = "\"${PODS_ROOT}/Target Support Files/Pods-Placeboop/Pods-Placeboop-frameworks.sh\"\n";
			showEnvVarsInLog = 0;
		};
		6AFDF9AE26A36CEA002D167E /* Swiftgen */ = {
			isa = PBXShellScriptBuildPhase;
			buildActionMask = 2147483647;
			files = (
			);
			inputFileListPaths = (
			);
			inputPaths = (
			);
			name = Swiftgen;
			outputFileListPaths = (
			);
			outputPaths = (
			);
			runOnlyForDeploymentPostprocessing = 0;
			shellPath = /bin/sh;
			shellScript = "if [[ -f \"${PODS_ROOT}/SwiftGen/bin/swiftgen\" ]]; then\n  \"${PODS_ROOT}/SwiftGen/bin/swiftgen\" config run \nelse\n  echo \"warning: SwiftGen is not installed. Run 'pod install --repo-update' to install it.\"\nfi\n";
		};
		7F03340CEA2F04AA8CD4CFFB /* [CP] Check Pods Manifest.lock */ = {
			isa = PBXShellScriptBuildPhase;
			buildActionMask = 2147483647;
			files = (
			);
			inputFileListPaths = (
			);
			inputPaths = (
				"${PODS_PODFILE_DIR_PATH}/Podfile.lock",
				"${PODS_ROOT}/Manifest.lock",
			);
			name = "[CP] Check Pods Manifest.lock";
			outputFileListPaths = (
			);
			outputPaths = (
				"$(DERIVED_FILE_DIR)/Pods-Placeboop-checkManifestLockResult.txt",
			);
			runOnlyForDeploymentPostprocessing = 0;
			shellPath = /bin/sh;
			shellScript = "diff \"${PODS_PODFILE_DIR_PATH}/Podfile.lock\" \"${PODS_ROOT}/Manifest.lock\" > /dev/null\nif [ $? != 0 ] ; then\n    # print error to STDERR\n    echo \"error: The sandbox is not in sync with the Podfile.lock. Run 'pod install' or update your CocoaPods installation.\" >&2\n    exit 1\nfi\n# This output is used by Xcode 'outputs' to avoid re-running this script phase.\necho \"SUCCESS\" > \"${SCRIPT_OUTPUT_FILE_0}\"\n";
			showEnvVarsInLog = 0;
		};
		9570D783547067EA706505B2 /* [CP] Embed Pods Frameworks */ = {
			isa = PBXShellScriptBuildPhase;
			buildActionMask = 2147483647;
			files = (
			);
			inputFileListPaths = (
				"${PODS_ROOT}/Target Support Files/Pods-Placeboop-PlaceboopTests/Pods-Placeboop-PlaceboopTests-frameworks-${CONFIGURATION}-input-files.xcfilelist",
			);
			name = "[CP] Embed Pods Frameworks";
			outputFileListPaths = (
				"${PODS_ROOT}/Target Support Files/Pods-Placeboop-PlaceboopTests/Pods-Placeboop-PlaceboopTests-frameworks-${CONFIGURATION}-output-files.xcfilelist",
			);
			runOnlyForDeploymentPostprocessing = 0;
			shellPath = /bin/sh;
			shellScript = "\"${PODS_ROOT}/Target Support Files/Pods-Placeboop-PlaceboopTests/Pods-Placeboop-PlaceboopTests-frameworks.sh\"\n";
			showEnvVarsInLog = 0;
		};
/* End PBXShellScriptBuildPhase section */

/* Begin PBXSourcesBuildPhase section */
		6A2FABC526A1C5B6009BA29C /* Sources */ = {
			isa = PBXSourcesBuildPhase;
			buildActionMask = 2147483647;
			files = (
				6AFDFA4E26A3715D002D167E /* XCAssets+Generated.swift in Sources */,
				6AFDFA6026A389F1002D167E /* DetailsViewModel.swift in Sources */,
				6A1F9C4026A2DF2500BB3ADA /* UITableView+Extensions.swift in Sources */,
				6A1F9BFD26A22F1F00BB3ADA /* ListViewModel.swift in Sources */,
				6AFDFA4D26A3715D002D167E /* Localization.swift in Sources */,
				6AFDFA4C26A3715D002D167E /* Fonts.swift in Sources */,
				6A1F9C2F26A2D8DC00BB3ADA /* ScreenAssembly.swift in Sources */,
				6A5D927926A4214F006E010C /* UIConstants.swift in Sources */,
				6A1F9C4E26A2E33C00BB3ADA /* ListViewMapper.swift in Sources */,
				6A72EC8926A1F30C00CFAE64 /* ViewDataBinder.swift in Sources */,
				6AFDFA5626A37610002D167E /* Date+Extensions.swift in Sources */,
				6A1F9C4A26A2DFC100BB3ADA /* ViewError.swift in Sources */,
				6A1F9C0126A22F3B00BB3ADA /* ViewModelManipulator.swift in Sources */,
				6AFDFA5C26A38949002D167E /* DetailsViewController.swift in Sources */,
				6A5D927D26A421AE006E010C /* Navigator.swift in Sources */,
				6A2FABD126A1C5B6009BA29C /* ListViewController.swift in Sources */,
				6A2B865C26CEA39A00310374 /* AppDelegate+Injection.swift in Sources */,
				6AFDFA5226A37305002D167E /* UIColor+Extensions.swift in Sources */,
				6A72EC9326A1F38300CFAE64 /* ViewEventListener.swift in Sources */,
				6A1F9C3626A2DCB800BB3ADA /* NewsCell.swift in Sources */,
				6A1F9C4626A2DF5500BB3ADA /* UITableViewCell+Extensions.swift in Sources */,
				6A2FABCD26A1C5B6009BA29C /* AppDelegate.swift in Sources */,
			);
			runOnlyForDeploymentPostprocessing = 0;
		};
		6A2FABDB26A1C5B7009BA29C /* Sources */ = {
			isa = PBXSourcesBuildPhase;
			buildActionMask = 2147483647;
			files = (
				6A3F7F5E26A4813300E1FC7C /* DetailsViewModelTests.swift in Sources */,
				6A3F7F5626A47D2900E1FC7C /* Mock.generated.swift in Sources */,
				6A3F7F4E26A47CA500E1FC7C /* ListViewModelTests.swift in Sources */,
			);
			runOnlyForDeploymentPostprocessing = 0;
		};
/* End PBXSourcesBuildPhase section */

/* Begin PBXTargetDependency section */
		6A2FABE126A1C5B7009BA29C /* PBXTargetDependency */ = {
			isa = PBXTargetDependency;
			target = 6A2FABC826A1C5B6009BA29C /* Placeboop */;
			targetProxy = 6A2FABE026A1C5B7009BA29C /* PBXContainerItemProxy */;
		};
/* End PBXTargetDependency section */

/* Begin PBXVariantGroup section */
		6A2FABD226A1C5B6009BA29C /* Main.storyboard */ = {
			isa = PBXVariantGroup;
			children = (
				6A2FABD326A1C5B6009BA29C /* Base */,
			);
			name = Main.storyboard;
			sourceTree = "<group>";
		};
		6A2FABD726A1C5B6009BA29C /* LaunchScreen.storyboard */ = {
			isa = PBXVariantGroup;
			children = (
				6A2FABD826A1C5B6009BA29C /* Base */,
			);
			name = LaunchScreen.storyboard;
			sourceTree = "<group>";
		};
		6AFDF9BD26A36D7F002D167E /* Localizable.strings */ = {
			isa = PBXVariantGroup;
			children = (
				6AFDF9BC26A36D7F002D167E /* en */,
			);
			name = Localizable.strings;
			sourceTree = "<group>";
		};
/* End PBXVariantGroup section */

/* Begin XCBuildConfiguration section */
		6A2FABF126A1C5B7009BA29C /* Debug */ = {
			isa = XCBuildConfiguration;
			buildSettings = {
				ALWAYS_SEARCH_USER_PATHS = NO;
				CLANG_ANALYZER_NONNULL = YES;
				CLANG_ANALYZER_NUMBER_OBJECT_CONVERSION = YES_AGGRESSIVE;
				CLANG_CXX_LANGUAGE_STANDARD = "gnu++14";
				CLANG_CXX_LIBRARY = "libc++";
				CLANG_ENABLE_MODULES = YES;
				CLANG_ENABLE_OBJC_ARC = YES;
				CLANG_ENABLE_OBJC_WEAK = YES;
				CLANG_WARN_BLOCK_CAPTURE_AUTORELEASING = YES;
				CLANG_WARN_BOOL_CONVERSION = YES;
				CLANG_WARN_COMMA = YES;
				CLANG_WARN_CONSTANT_CONVERSION = YES;
				CLANG_WARN_DEPRECATED_OBJC_IMPLEMENTATIONS = YES;
				CLANG_WARN_DIRECT_OBJC_ISA_USAGE = YES_ERROR;
				CLANG_WARN_DOCUMENTATION_COMMENTS = YES;
				CLANG_WARN_EMPTY_BODY = YES;
				CLANG_WARN_ENUM_CONVERSION = YES;
				CLANG_WARN_INFINITE_RECURSION = YES;
				CLANG_WARN_INT_CONVERSION = YES;
				CLANG_WARN_NON_LITERAL_NULL_CONVERSION = YES;
				CLANG_WARN_OBJC_IMPLICIT_RETAIN_SELF = YES;
				CLANG_WARN_OBJC_LITERAL_CONVERSION = YES;
				CLANG_WARN_OBJC_ROOT_CLASS = YES_ERROR;
				CLANG_WARN_QUOTED_INCLUDE_IN_FRAMEWORK_HEADER = YES;
				CLANG_WARN_RANGE_LOOP_ANALYSIS = YES;
				CLANG_WARN_STRICT_PROTOTYPES = YES;
				CLANG_WARN_SUSPICIOUS_MOVE = YES;
				CLANG_WARN_UNGUARDED_AVAILABILITY = YES_AGGRESSIVE;
				CLANG_WARN_UNREACHABLE_CODE = YES;
				CLANG_WARN__DUPLICATE_METHOD_MATCH = YES;
				COPY_PHASE_STRIP = NO;
				DEBUG_INFORMATION_FORMAT = dwarf;
				ENABLE_STRICT_OBJC_MSGSEND = YES;
				ENABLE_TESTABILITY = YES;
				GCC_C_LANGUAGE_STANDARD = gnu11;
				GCC_DYNAMIC_NO_PIC = NO;
				GCC_NO_COMMON_BLOCKS = YES;
				GCC_OPTIMIZATION_LEVEL = 0;
				GCC_PREPROCESSOR_DEFINITIONS = (
					"DEBUG=1",
					"$(inherited)",
				);
				GCC_WARN_64_TO_32_BIT_CONVERSION = YES;
				GCC_WARN_ABOUT_RETURN_TYPE = YES_ERROR;
				GCC_WARN_UNDECLARED_SELECTOR = YES;
				GCC_WARN_UNINITIALIZED_AUTOS = YES_AGGRESSIVE;
				GCC_WARN_UNUSED_FUNCTION = YES;
				GCC_WARN_UNUSED_VARIABLE = YES;
				IPHONEOS_DEPLOYMENT_TARGET = 13.0;
				MTL_ENABLE_DEBUG_INFO = INCLUDE_SOURCE;
				MTL_FAST_MATH = YES;
				ONLY_ACTIVE_ARCH = YES;
				SDKROOT = iphoneos;
				SWIFT_ACTIVE_COMPILATION_CONDITIONS = DEBUG;
				SWIFT_OPTIMIZATION_LEVEL = "-Onone";
			};
			name = Debug;
		};
		6A2FABF226A1C5B7009BA29C /* Release */ = {
			isa = XCBuildConfiguration;
			buildSettings = {
				ALWAYS_SEARCH_USER_PATHS = NO;
				CLANG_ANALYZER_NONNULL = YES;
				CLANG_ANALYZER_NUMBER_OBJECT_CONVERSION = YES_AGGRESSIVE;
				CLANG_CXX_LANGUAGE_STANDARD = "gnu++14";
				CLANG_CXX_LIBRARY = "libc++";
				CLANG_ENABLE_MODULES = YES;
				CLANG_ENABLE_OBJC_ARC = YES;
				CLANG_ENABLE_OBJC_WEAK = YES;
				CLANG_WARN_BLOCK_CAPTURE_AUTORELEASING = YES;
				CLANG_WARN_BOOL_CONVERSION = YES;
				CLANG_WARN_COMMA = YES;
				CLANG_WARN_CONSTANT_CONVERSION = YES;
				CLANG_WARN_DEPRECATED_OBJC_IMPLEMENTATIONS = YES;
				CLANG_WARN_DIRECT_OBJC_ISA_USAGE = YES_ERROR;
				CLANG_WARN_DOCUMENTATION_COMMENTS = YES;
				CLANG_WARN_EMPTY_BODY = YES;
				CLANG_WARN_ENUM_CONVERSION = YES;
				CLANG_WARN_INFINITE_RECURSION = YES;
				CLANG_WARN_INT_CONVERSION = YES;
				CLANG_WARN_NON_LITERAL_NULL_CONVERSION = YES;
				CLANG_WARN_OBJC_IMPLICIT_RETAIN_SELF = YES;
				CLANG_WARN_OBJC_LITERAL_CONVERSION = YES;
				CLANG_WARN_OBJC_ROOT_CLASS = YES_ERROR;
				CLANG_WARN_QUOTED_INCLUDE_IN_FRAMEWORK_HEADER = YES;
				CLANG_WARN_RANGE_LOOP_ANALYSIS = YES;
				CLANG_WARN_STRICT_PROTOTYPES = YES;
				CLANG_WARN_SUSPICIOUS_MOVE = YES;
				CLANG_WARN_UNGUARDED_AVAILABILITY = YES_AGGRESSIVE;
				CLANG_WARN_UNREACHABLE_CODE = YES;
				CLANG_WARN__DUPLICATE_METHOD_MATCH = YES;
				COPY_PHASE_STRIP = NO;
				DEBUG_INFORMATION_FORMAT = "dwarf-with-dsym";
				ENABLE_NS_ASSERTIONS = NO;
				ENABLE_STRICT_OBJC_MSGSEND = YES;
				GCC_C_LANGUAGE_STANDARD = gnu11;
				GCC_NO_COMMON_BLOCKS = YES;
				GCC_WARN_64_TO_32_BIT_CONVERSION = YES;
				GCC_WARN_ABOUT_RETURN_TYPE = YES_ERROR;
				GCC_WARN_UNDECLARED_SELECTOR = YES;
				GCC_WARN_UNINITIALIZED_AUTOS = YES_AGGRESSIVE;
				GCC_WARN_UNUSED_FUNCTION = YES;
				GCC_WARN_UNUSED_VARIABLE = YES;
				IPHONEOS_DEPLOYMENT_TARGET = 13.0;
				MTL_ENABLE_DEBUG_INFO = NO;
				MTL_FAST_MATH = YES;
				SDKROOT = iphoneos;
				SWIFT_COMPILATION_MODE = wholemodule;
				SWIFT_OPTIMIZATION_LEVEL = "-O";
				VALIDATE_PRODUCT = YES;
			};
			name = Release;
		};
		6A2FABF426A1C5B7009BA29C /* Debug */ = {
			isa = XCBuildConfiguration;
			baseConfigurationReference = D3D4A10689BBB58C4E8033AA /* Pods-Placeboop.debug.xcconfig */;
			buildSettings = {
				ASSETCATALOG_COMPILER_APPICON_NAME = AppIcon;
				ASSETCATALOG_COMPILER_GLOBAL_ACCENT_COLOR_NAME = AccentColor;
				CODE_SIGN_STYLE = Automatic;
				DEVELOPMENT_TEAM = Y2ZER4CQ9S;
				INFOPLIST_FILE = Placeboop/Info.plist;
				LD_RUNPATH_SEARCH_PATHS = (
					"$(inherited)",
					"@executable_path/Frameworks",
				);
				PRODUCT_BUNDLE_IDENTIFIER = com.kvajda.Placeboop;
				PRODUCT_NAME = "$(TARGET_NAME)";
				SWIFT_VERSION = 5.0;
				TARGETED_DEVICE_FAMILY = 1;
			};
			name = Debug;
		};
		6A2FABF526A1C5B7009BA29C /* Release */ = {
			isa = XCBuildConfiguration;
			baseConfigurationReference = 1D2EBE5E43C1E735995777CD /* Pods-Placeboop.release.xcconfig */;
			buildSettings = {
				ASSETCATALOG_COMPILER_APPICON_NAME = AppIcon;
				ASSETCATALOG_COMPILER_GLOBAL_ACCENT_COLOR_NAME = AccentColor;
				CODE_SIGN_STYLE = Automatic;
				DEVELOPMENT_TEAM = Y2ZER4CQ9S;
				INFOPLIST_FILE = Placeboop/Info.plist;
				LD_RUNPATH_SEARCH_PATHS = (
					"$(inherited)",
					"@executable_path/Frameworks",
				);
				PRODUCT_BUNDLE_IDENTIFIER = com.kvajda.Placeboop;
				PRODUCT_NAME = "$(TARGET_NAME)";
				SWIFT_VERSION = 5.0;
				TARGETED_DEVICE_FAMILY = 1;
			};
			name = Release;
		};
		6A2FABF726A1C5B7009BA29C /* Debug */ = {
			isa = XCBuildConfiguration;
			baseConfigurationReference = A32D5A80ADA10482402D0553 /* Pods-Placeboop-PlaceboopTests.debug.xcconfig */;
			buildSettings = {
				BUNDLE_LOADER = "$(TEST_HOST)";
				CODE_SIGN_STYLE = Automatic;
				DEVELOPMENT_TEAM = Y2ZER4CQ9S;
				INFOPLIST_FILE = FortnightlyTests/Info.plist;
				IPHONEOS_DEPLOYMENT_TARGET = 14.4;
				LD_RUNPATH_SEARCH_PATHS = (
					"$(inherited)",
					"@executable_path/Frameworks",
					"@loader_path/Frameworks",
				);
				PRODUCT_BUNDLE_IDENTIFIER = com.kvajda.FortnightlyTests;
				PRODUCT_NAME = "$(TARGET_NAME)";
				SWIFT_OPTIMIZATION_LEVEL = "-Onone";
				SWIFT_VERSION = 5.0;
				TARGETED_DEVICE_FAMILY = "1,2";
				TEST_HOST = "$(BUILT_PRODUCTS_DIR)/Placeboop.app/Placeboop";
			};
			name = Debug;
		};
		6A2FABF826A1C5B7009BA29C /* Release */ = {
			isa = XCBuildConfiguration;
			baseConfigurationReference = 13C0B3E6D133D872543CAF70 /* Pods-Placeboop-PlaceboopTests.release.xcconfig */;
			buildSettings = {
				BUNDLE_LOADER = "$(TEST_HOST)";
				CODE_SIGN_STYLE = Automatic;
				DEVELOPMENT_TEAM = Y2ZER4CQ9S;
				INFOPLIST_FILE = FortnightlyTests/Info.plist;
				IPHONEOS_DEPLOYMENT_TARGET = 14.4;
				LD_RUNPATH_SEARCH_PATHS = (
					"$(inherited)",
					"@executable_path/Frameworks",
					"@loader_path/Frameworks",
				);
				PRODUCT_BUNDLE_IDENTIFIER = com.kvajda.FortnightlyTests;
				PRODUCT_NAME = "$(TARGET_NAME)";
				SWIFT_VERSION = 5.0;
				TARGETED_DEVICE_FAMILY = "1,2";
				TEST_HOST = "$(BUILT_PRODUCTS_DIR)/Placeboop.app/Placeboop";
			};
			name = Release;
		};
		6A7D71B426A4567E004CB3ED /* Debug (Mock) */ = {
			isa = XCBuildConfiguration;
			buildSettings = {
				ALWAYS_SEARCH_USER_PATHS = NO;
				CLANG_ANALYZER_NONNULL = YES;
				CLANG_ANALYZER_NUMBER_OBJECT_CONVERSION = YES_AGGRESSIVE;
				CLANG_CXX_LANGUAGE_STANDARD = "gnu++14";
				CLANG_CXX_LIBRARY = "libc++";
				CLANG_ENABLE_MODULES = YES;
				CLANG_ENABLE_OBJC_ARC = YES;
				CLANG_ENABLE_OBJC_WEAK = YES;
				CLANG_WARN_BLOCK_CAPTURE_AUTORELEASING = YES;
				CLANG_WARN_BOOL_CONVERSION = YES;
				CLANG_WARN_COMMA = YES;
				CLANG_WARN_CONSTANT_CONVERSION = YES;
				CLANG_WARN_DEPRECATED_OBJC_IMPLEMENTATIONS = YES;
				CLANG_WARN_DIRECT_OBJC_ISA_USAGE = YES_ERROR;
				CLANG_WARN_DOCUMENTATION_COMMENTS = YES;
				CLANG_WARN_EMPTY_BODY = YES;
				CLANG_WARN_ENUM_CONVERSION = YES;
				CLANG_WARN_INFINITE_RECURSION = YES;
				CLANG_WARN_INT_CONVERSION = YES;
				CLANG_WARN_NON_LITERAL_NULL_CONVERSION = YES;
				CLANG_WARN_OBJC_IMPLICIT_RETAIN_SELF = YES;
				CLANG_WARN_OBJC_LITERAL_CONVERSION = YES;
				CLANG_WARN_OBJC_ROOT_CLASS = YES_ERROR;
				CLANG_WARN_QUOTED_INCLUDE_IN_FRAMEWORK_HEADER = YES;
				CLANG_WARN_RANGE_LOOP_ANALYSIS = YES;
				CLANG_WARN_STRICT_PROTOTYPES = YES;
				CLANG_WARN_SUSPICIOUS_MOVE = YES;
				CLANG_WARN_UNGUARDED_AVAILABILITY = YES_AGGRESSIVE;
				CLANG_WARN_UNREACHABLE_CODE = YES;
				CLANG_WARN__DUPLICATE_METHOD_MATCH = YES;
				COPY_PHASE_STRIP = NO;
				DEBUG_INFORMATION_FORMAT = dwarf;
				ENABLE_STRICT_OBJC_MSGSEND = YES;
				ENABLE_TESTABILITY = YES;
				GCC_C_LANGUAGE_STANDARD = gnu11;
				GCC_DYNAMIC_NO_PIC = NO;
				GCC_NO_COMMON_BLOCKS = YES;
				GCC_OPTIMIZATION_LEVEL = 0;
				GCC_PREPROCESSOR_DEFINITIONS = (
					"DEBUG=1",
					"$(inherited)",
				);
				GCC_WARN_64_TO_32_BIT_CONVERSION = YES;
				GCC_WARN_ABOUT_RETURN_TYPE = YES_ERROR;
				GCC_WARN_UNDECLARED_SELECTOR = YES;
				GCC_WARN_UNINITIALIZED_AUTOS = YES_AGGRESSIVE;
				GCC_WARN_UNUSED_FUNCTION = YES;
				GCC_WARN_UNUSED_VARIABLE = YES;
				IPHONEOS_DEPLOYMENT_TARGET = 13.0;
				MTL_ENABLE_DEBUG_INFO = INCLUDE_SOURCE;
				MTL_FAST_MATH = YES;
				ONLY_ACTIVE_ARCH = YES;
				SDKROOT = iphoneos;
				SWIFT_ACTIVE_COMPILATION_CONDITIONS = DEBUG;
				SWIFT_OPTIMIZATION_LEVEL = "-Onone";
			};
			name = "Debug (Mock)";
		};
		6A7D71B526A4567E004CB3ED /* Debug (Mock) */ = {
			isa = XCBuildConfiguration;
			baseConfigurationReference = B77360C80229E5C4BE5AC53D /* Pods-Placeboop.debug (mock).xcconfig */;
			buildSettings = {
				ASSETCATALOG_COMPILER_APPICON_NAME = AppIcon;
				ASSETCATALOG_COMPILER_GLOBAL_ACCENT_COLOR_NAME = AccentColor;
				CODE_SIGN_STYLE = Automatic;
				DEVELOPMENT_TEAM = Y2ZER4CQ9S;
				INFOPLIST_FILE = Placeboop/Info.plist;
				LD_RUNPATH_SEARCH_PATHS = (
					"$(inherited)",
					"@executable_path/Frameworks",
				);
				PRODUCT_BUNDLE_IDENTIFIER = com.kvajda.Placeboop.mock;
				PRODUCT_NAME = "$(TARGET_NAME)-Mock";
				SWIFT_VERSION = 5.0;
				TARGETED_DEVICE_FAMILY = 1;
			};
			name = "Debug (Mock)";
		};
		6A7D71B626A4567E004CB3ED /* Debug (Mock) */ = {
			isa = XCBuildConfiguration;
			baseConfigurationReference = B8E58C389370AA98E8A3ECBB /* Pods-Placeboop-PlaceboopTests.debug (mock).xcconfig */;
			buildSettings = {
				BUNDLE_LOADER = "$(TEST_HOST)";
				CODE_SIGN_STYLE = Automatic;
				DEVELOPMENT_TEAM = Y2ZER4CQ9S;
				INFOPLIST_FILE = FortnightlyTests/Info.plist;
				IPHONEOS_DEPLOYMENT_TARGET = 14.4;
				LD_RUNPATH_SEARCH_PATHS = (
					"$(inherited)",
					"@executable_path/Frameworks",
					"@loader_path/Frameworks",
				);
				PRODUCT_BUNDLE_IDENTIFIER = com.kvajda.FortnightlyTests;
				PRODUCT_NAME = "$(TARGET_NAME)";
				SWIFT_OPTIMIZATION_LEVEL = "-Onone";
				SWIFT_VERSION = 5.0;
				TARGETED_DEVICE_FAMILY = "1,2";
				TEST_HOST = "$(BUILT_PRODUCTS_DIR)/Placeboop.app/Placeboop";
			};
			name = "Debug (Mock)";
		};
		6A7D71B726A45688004CB3ED /* Release (Mock) */ = {
			isa = XCBuildConfiguration;
			buildSettings = {
				ALWAYS_SEARCH_USER_PATHS = NO;
				CLANG_ANALYZER_NONNULL = YES;
				CLANG_ANALYZER_NUMBER_OBJECT_CONVERSION = YES_AGGRESSIVE;
				CLANG_CXX_LANGUAGE_STANDARD = "gnu++14";
				CLANG_CXX_LIBRARY = "libc++";
				CLANG_ENABLE_MODULES = YES;
				CLANG_ENABLE_OBJC_ARC = YES;
				CLANG_ENABLE_OBJC_WEAK = YES;
				CLANG_WARN_BLOCK_CAPTURE_AUTORELEASING = YES;
				CLANG_WARN_BOOL_CONVERSION = YES;
				CLANG_WARN_COMMA = YES;
				CLANG_WARN_CONSTANT_CONVERSION = YES;
				CLANG_WARN_DEPRECATED_OBJC_IMPLEMENTATIONS = YES;
				CLANG_WARN_DIRECT_OBJC_ISA_USAGE = YES_ERROR;
				CLANG_WARN_DOCUMENTATION_COMMENTS = YES;
				CLANG_WARN_EMPTY_BODY = YES;
				CLANG_WARN_ENUM_CONVERSION = YES;
				CLANG_WARN_INFINITE_RECURSION = YES;
				CLANG_WARN_INT_CONVERSION = YES;
				CLANG_WARN_NON_LITERAL_NULL_CONVERSION = YES;
				CLANG_WARN_OBJC_IMPLICIT_RETAIN_SELF = YES;
				CLANG_WARN_OBJC_LITERAL_CONVERSION = YES;
				CLANG_WARN_OBJC_ROOT_CLASS = YES_ERROR;
				CLANG_WARN_QUOTED_INCLUDE_IN_FRAMEWORK_HEADER = YES;
				CLANG_WARN_RANGE_LOOP_ANALYSIS = YES;
				CLANG_WARN_STRICT_PROTOTYPES = YES;
				CLANG_WARN_SUSPICIOUS_MOVE = YES;
				CLANG_WARN_UNGUARDED_AVAILABILITY = YES_AGGRESSIVE;
				CLANG_WARN_UNREACHABLE_CODE = YES;
				CLANG_WARN__DUPLICATE_METHOD_MATCH = YES;
				COPY_PHASE_STRIP = NO;
				DEBUG_INFORMATION_FORMAT = "dwarf-with-dsym";
				ENABLE_NS_ASSERTIONS = NO;
				ENABLE_STRICT_OBJC_MSGSEND = YES;
				GCC_C_LANGUAGE_STANDARD = gnu11;
				GCC_NO_COMMON_BLOCKS = YES;
				GCC_WARN_64_TO_32_BIT_CONVERSION = YES;
				GCC_WARN_ABOUT_RETURN_TYPE = YES_ERROR;
				GCC_WARN_UNDECLARED_SELECTOR = YES;
				GCC_WARN_UNINITIALIZED_AUTOS = YES_AGGRESSIVE;
				GCC_WARN_UNUSED_FUNCTION = YES;
				GCC_WARN_UNUSED_VARIABLE = YES;
				IPHONEOS_DEPLOYMENT_TARGET = 13.0;
				MTL_ENABLE_DEBUG_INFO = NO;
				MTL_FAST_MATH = YES;
				SDKROOT = iphoneos;
				SWIFT_COMPILATION_MODE = wholemodule;
				SWIFT_OPTIMIZATION_LEVEL = "-O";
				VALIDATE_PRODUCT = YES;
			};
			name = "Release (Mock)";
		};
		6A7D71B826A45688004CB3ED /* Release (Mock) */ = {
			isa = XCBuildConfiguration;
			baseConfigurationReference = FE822CC01BE55F439B301D34 /* Pods-Placeboop.release (mock).xcconfig */;
			buildSettings = {
				ASSETCATALOG_COMPILER_APPICON_NAME = AppIcon;
				ASSETCATALOG_COMPILER_GLOBAL_ACCENT_COLOR_NAME = AccentColor;
				CODE_SIGN_STYLE = Automatic;
				DEVELOPMENT_TEAM = Y2ZER4CQ9S;
				INFOPLIST_FILE = Placeboop/Info.plist;
				LD_RUNPATH_SEARCH_PATHS = (
					"$(inherited)",
					"@executable_path/Frameworks",
				);
				PRODUCT_BUNDLE_IDENTIFIER = com.kvajda.Placeboop.mock;
				PRODUCT_NAME = "$(TARGET_NAME)-Mock";
				SWIFT_VERSION = 5.0;
				TARGETED_DEVICE_FAMILY = 1;
			};
			name = "Release (Mock)";
		};
		6A7D71B926A45688004CB3ED /* Release (Mock) */ = {
			isa = XCBuildConfiguration;
			baseConfigurationReference = 5453DAD615A349A989BC853D /* Pods-Placeboop-PlaceboopTests.release (mock).xcconfig */;
			buildSettings = {
				BUNDLE_LOADER = "$(TEST_HOST)";
				CODE_SIGN_STYLE = Automatic;
				DEVELOPMENT_TEAM = Y2ZER4CQ9S;
				INFOPLIST_FILE = FortnightlyTests/Info.plist;
				IPHONEOS_DEPLOYMENT_TARGET = 14.4;
				LD_RUNPATH_SEARCH_PATHS = (
					"$(inherited)",
					"@executable_path/Frameworks",
					"@loader_path/Frameworks",
				);
				PRODUCT_BUNDLE_IDENTIFIER = com.kvajda.FortnightlyTests;
				PRODUCT_NAME = "$(TARGET_NAME)";
				SWIFT_VERSION = 5.0;
				TARGETED_DEVICE_FAMILY = "1,2";
				TEST_HOST = "$(BUILT_PRODUCTS_DIR)/Placeboop.app/Placeboop";
			};
			name = "Release (Mock)";
		};
/* End XCBuildConfiguration section */

/* Begin XCConfigurationList section */
		6A2FABC426A1C5B6009BA29C /* Build configuration list for PBXProject "Placeboop" */ = {
			isa = XCConfigurationList;
			buildConfigurations = (
				6A2FABF126A1C5B7009BA29C /* Debug */,
				6A7D71B426A4567E004CB3ED /* Debug (Mock) */,
				6A2FABF226A1C5B7009BA29C /* Release */,
				6A7D71B726A45688004CB3ED /* Release (Mock) */,
			);
			defaultConfigurationIsVisible = 0;
			defaultConfigurationName = Release;
		};
		6A2FABF326A1C5B7009BA29C /* Build configuration list for PBXNativeTarget "Placeboop" */ = {
			isa = XCConfigurationList;
			buildConfigurations = (
				6A2FABF426A1C5B7009BA29C /* Debug */,
				6A7D71B526A4567E004CB3ED /* Debug (Mock) */,
				6A2FABF526A1C5B7009BA29C /* Release */,
				6A7D71B826A45688004CB3ED /* Release (Mock) */,
			);
			defaultConfigurationIsVisible = 0;
			defaultConfigurationName = Release;
		};
		6A2FABF626A1C5B7009BA29C /* Build configuration list for PBXNativeTarget "PlaceboopTests" */ = {
			isa = XCConfigurationList;
			buildConfigurations = (
				6A2FABF726A1C5B7009BA29C /* Debug */,
				6A7D71B626A4567E004CB3ED /* Debug (Mock) */,
				6A2FABF826A1C5B7009BA29C /* Release */,
				6A7D71B926A45688004CB3ED /* Release (Mock) */,
			);
			defaultConfigurationIsVisible = 0;
			defaultConfigurationName = Release;
		};
/* End XCConfigurationList section */
	};
	rootObject = 6A2FABC126A1C5B6009BA29C /* Project object */;
}
